
Microsoft Visual Studio Solution File, Format Version 12.00
# Visual Studio Version 17
VisualStudioVersion = 17.0.31903.59
MinimumVisualStudioVersion = 10.0.40219.1
Project("{2150E333-8FDC-42A3-9474-1A3956D46DE8}") = "src", "src", "{827E0CD3-B72D-47B6-A68D-7590B98EB39B}"
EndProject
Project("{FAE04EC0-301F-11D3-BF4B-00C04F79EFBC}") = "Timestamp", "src\Timestamp\Timestamp.csproj", "{4224127E-4819-4215-98C5-946A17456613}"
EndProject
Project("{2150E333-8FDC-42A3-9474-1A3956D46DE8}") = "tests", "tests", "{0AB3BF05-4346-4AA6-1389-037BE0695223}"
EndProject
Project("{FAE04EC0-301F-11D3-BF4B-00C04F79EFBC}") = "Timestamp.Test", "tests\Timestamp.Test\Timestamp.Test.csproj", "{AF31FF27-9940-4AD9-BC98-EBCB2D7BD576}"
EndProject
Global
	GlobalSection(SolutionConfigurationPlatforms) = preSolution
		Debug|Any CPU = Debug|Any CPU
		Debug|x64 = Debug|x64
		Debug|x86 = Debug|x86
		Release|Any CPU = Release|Any CPU
		Release|x64 = Release|x64
		Release|x86 = Release|x86
	EndGlobalSection
	GlobalSection(ProjectConfigurationPlatforms) = postSolution
		{4224127E-4819-4215-98C5-946A17456613}.Debug|Any CPU.ActiveCfg = Debug|Any CPU
		{4224127E-4819-4215-98C5-946A17456613}.Debug|Any CPU.Build.0 = Debug|Any CPU
		{4224127E-4819-4215-98C5-946A17456613}.Debug|x64.ActiveCfg = Debug|Any CPU
		{4224127E-4819-4215-98C5-946A17456613}.Debug|x64.Build.0 = Debug|Any CPU
		{4224127E-4819-4215-98C5-946A17456613}.Debug|x86.ActiveCfg = Debug|Any CPU
		{4224127E-4819-4215-98C5-946A17456613}.Debug|x86.Build.0 = Debug|Any CPU
		{4224127E-4819-4215-98C5-946A17456613}.Release|Any CPU.ActiveCfg = Release|Any CPU
		{4224127E-4819-4215-98C5-946A17456613}.Release|Any CPU.Build.0 = Release|Any CPU
		{4224127E-4819-4215-98C5-946A17456613}.Release|x64.ActiveCfg = Release|Any CPU
		{4224127E-4819-4215-98C5-946A17456613}.Release|x64.Build.0 = Release|Any CPU
		{4224127E-4819-4215-98C5-946A17456613}.Release|x86.ActiveCfg = Release|Any CPU
		{4224127E-4819-4215-98C5-946A17456613}.Release|x86.Build.0 = Release|Any CPU
		{AF31FF27-9940-4AD9-BC98-EBCB2D7BD576}.Debug|Any CPU.ActiveCfg = Debug|Any CPU
		{AF31FF27-9940-4AD9-BC98-EBCB2D7BD576}.Debug|Any CPU.Build.0 = Debug|Any CPU
		{AF31FF27-9940-4AD9-BC98-EBCB2D7BD576}.Debug|x64.ActiveCfg = Debug|Any CPU
		{AF31FF27-9940-4AD9-BC98-EBCB2D7BD576}.Debug|x64.Build.0 = Debug|Any CPU
		{AF31FF27-9940-4AD9-BC98-EBCB2D7BD576}.Debug|x86.ActiveCfg = Debug|Any CPU
		{AF31FF27-9940-4AD9-BC98-EBCB2D7BD576}.Debug|x86.Build.0 = Debug|Any CPU
		{AF31FF27-9940-4AD9-BC98-EBCB2D7BD576}.Release|Any CPU.ActiveCfg = Release|Any CPU
		{AF31FF27-9940-4AD9-BC98-EBCB2D7BD576}.Release|Any CPU.Build.0 = Release|Any CPU
		{AF31FF27-9940-4AD9-BC98-EBCB2D7BD576}.Release|x64.ActiveCfg = Release|Any CPU
		{AF31FF27-9940-4AD9-BC98-EBCB2D7BD576}.Release|x64.Build.0 = Release|Any CPU
		{AF31FF27-9940-4AD9-BC98-EBCB2D7BD576}.Release|x86.ActiveCfg = Release|Any CPU
		{AF31FF27-9940-4AD9-BC98-EBCB2D7BD576}.Release|x86.Build.0 = Release|Any CPU
	EndGlobalSection
	GlobalSection(SolutionProperties) = preSolution
		HideSolutionNode = FALSE
	EndGlobalSection
	GlobalSection(NestedProjects) = preSolution
		{4224127E-4819-4215-98C5-946A17456613} = {827E0CD3-B72D-47B6-A68D-7590B98EB39B}
		{AF31FF27-9940-4AD9-BC98-EBCB2D7BD576} = {0AB3BF05-4346-4AA6-1389-037BE0695223}
	EndGlobalSection
EndGlobal
